
Microsoft Visual Studio Solution File, Format Version 12.00
# Visual Studio Version 17
VisualStudioVersion = 17.7.34221.43
MinimumVisualStudioVersion = 10.0.40219.1
Project("{FAE04EC0-301F-11D3-BF4B-00C04F79EFBC}") = "Presentacion", "Presentacion\Presentacion.csproj", "{471EBE12-C351-4CB9-A4BD-0E5C1B5C525E}"
EndProject
Project("{FAE04EC0-301F-11D3-BF4B-00C04F79EFBC}") = "Models", "Models\Models.csproj", "{10FBF867-4947-428D-A17E-53B937846387}"
EndProject
Global
	GlobalSection(SolutionConfigurationPlatforms) = preSolution
		Debug|Any CPU = Debug|Any CPU
		Release|Any CPU = Release|Any CPU
	EndGlobalSection
	GlobalSection(ProjectConfigurationPlatforms) = postSolution
		{471EBE12-C351-4CB9-A4BD-0E5C1B5C525E}.Debug|Any CPU.ActiveCfg = Debug|Any CPU
		{471EBE12-C351-4CB9-A4BD-0E5C1B5C525E}.Debug|Any CPU.Build.0 = Debug|Any CPU
		{471EBE12-C351-4CB9-A4BD-0E5C1B5C525E}.Release|Any CPU.ActiveCfg = Release|Any CPU
		{471EBE12-C351-4CB9-A4BD-0E5C1B5C525E}.Release|Any CPU.Build.0 = Release|Any CPU
		{10FBF867-4947-428D-A17E-53B937846387}.Debug|Any CPU.ActiveCfg = Debug|Any CPU
		{10FBF867-4947-428D-A17E-53B937846387}.Debug|Any CPU.Build.0 = Debug|Any CPU
		{10FBF867-4947-428D-A17E-53B937846387}.Release|Any CPU.ActiveCfg = Release|Any CPU
		{10FBF867-4947-428D-A17E-53B937846387}.Release|Any CPU.Build.0 = Release|Any CPU
	EndGlobalSection
	GlobalSection(SolutionProperties) = preSolution
		HideSolutionNode = FALSE
	EndGlobalSection
	GlobalSection(ExtensibilityGlobals) = postSolution
		SolutionGuid = {FDF19F72-3B65-4110-822D-C940B2882BF8}
	EndGlobalSection
EndGlobal
